
Microsoft Visual Studio Solution File, Format Version 12.00
# Visual Studio 15
VisualStudioVersion = 15.0.28307.1169
MinimumVisualStudioVersion = 10.0.40219.1
Project("{FAE04EC0-301F-11D3-BF4B-00C04F79EFBC}") = "Calculator_vs2017", "Calculator_vs2017\Calculator_vs2017.csproj", "{7798A7AE-FAE9-48F5-A660-FBB629EAB044}"
EndProject
Global
	GlobalSection(SolutionConfigurationPlatforms) = preSolution
		Debug|Any CPU = Debug|Any CPU
		Release|Any CPU = Release|Any CPU
	EndGlobalSection
	GlobalSection(ProjectConfigurationPlatforms) = postSolution
		{7798A7AE-FAE9-48F5-A660-FBB629EAB044}.Debug|Any CPU.ActiveCfg = Debug|Any CPU
		{7798A7AE-FAE9-48F5-A660-FBB629EAB044}.Debug|Any CPU.Build.0 = Debug|Any CPU
		{7798A7AE-FAE9-48F5-A660-FBB629EAB044}.Release|Any CPU.ActiveCfg = Release|Any CPU
		{7798A7AE-FAE9-48F5-A660-FBB629EAB044}.Release|Any CPU.Build.0 = Release|Any CPU
	EndGlobalSection
	GlobalSection(SolutionProperties) = preSolution
		HideSolutionNode = FALSE
	EndGlobalSection
	GlobalSection(ExtensibilityGlobals) = postSolution
		SolutionGuid = {B187F0FA-8F78-4EB0-BBD6-87603D82D1DF}
	EndGlobalSection
EndGlobal
